
Microsoft Visual Studio Solution File, Format Version 12.00
# Visual Studio 15
VisualStudioVersion = 15.0.27428.2005
MinimumVisualStudioVersion = 10.0.40219.1
Project("{FAE04EC0-301F-11D3-BF4B-00C04F79EFBC}") = "NetClient", "NetClient\NetClient.csproj", "{61366796-C444-4C4B-A26D-36B2D9E44E4A}"
EndProject
Global
	GlobalSection(SolutionConfigurationPlatforms) = preSolution
		Debug|Any CPU = Debug|Any CPU
		Release|Any CPU = Release|Any CPU
	EndGlobalSection
	GlobalSection(ProjectConfigurationPlatforms) = postSolution
		{61366796-C444-4C4B-A26D-36B2D9E44E4A}.Debug|Any CPU.ActiveCfg = Debug|Any CPU
		{61366796-C444-4C4B-A26D-36B2D9E44E4A}.Debug|Any CPU.Build.0 = Debug|Any CPU
		{61366796-C444-4C4B-A26D-36B2D9E44E4A}.Release|Any CPU.ActiveCfg = Release|Any CPU
		{61366796-C444-4C4B-A26D-36B2D9E44E4A}.Release|Any CPU.Build.0 = Release|Any CPU
	EndGlobalSection
	GlobalSection(SolutionProperties) = preSolution
		HideSolutionNode = FALSE
	EndGlobalSection
	GlobalSection(ExtensibilityGlobals) = postSolution
		SolutionGuid = {188A389B-891F-494E-B2A7-CD39F6AA2E71}
	EndGlobalSection
EndGlobal
